GIT
  remote: https://github.com/lefant/ansible-openwrt-ddns
  ref: master
  sha: f8da8407709e924acda2d53e5a0f82578859c9d5
  specs:
    lefant.openwrt-ddns (0.0.0)

GIT
  remote: https://github.com/lefant/ansible-openwrt-dnsmasq
  ref: master
  sha: 4430bdfef01a57c4aecc2e66b25283c07b9ce273
  specs:
    lefant.openwrt-dnsmasq (0.0.0)

GIT
  remote: https://github.com/lefant/ansible-openwrt-firewall
  ref: master
  sha: dfcb9cfed9593ff3047b0fb8e9c0c5b5341c1800
  specs:
    lefant.openwrt-firewall (0.0.0)

GIT
  remote: https://github.com/lefant/ansible-openwrt-sqm
  ref: master
  sha: e273bc475c5ac040d44e8875749d081021c12f2f
  specs:
    lefant.openwrt-sqm (0.0.0)

GIT
  remote: https://github.com/lefant/ansible-openwrt-system
  ref: master
  sha: 33d347e3a5449fa14ae1cdabd2ed6cabe5d881a1
  specs:
    lefant.openwrt-system (0.0.0)

GIT
  remote: https://github.com/lefant/ansible-openwrt-uci
  ref: master
  sha: 4831e18add2bf9be683ea229339caaebf6d25811
  specs:
    lefant.openwrt-uci (0.0.0)

GIT
  remote: https://github.com/lefant/ansible-openwrt-wireless
  ref: master
  sha: 6e5f245d67628e8c1e7702af9c7be94eadc920f9
  specs:
    lefant.openwrt-wireless (0.0.0)

DEPENDENCIES
  lefant.openwrt-ddns (>= 0)
  lefant.openwrt-dnsmasq (>= 0)
  lefant.openwrt-firewall (>= 0)
  lefant.openwrt-sqm (>= 0)
  lefant.openwrt-system (>= 0)
  lefant.openwrt-uci (>= 0)
  lefant.openwrt-wireless (>= 0)

